
Microsoft Visual Studio Solution File, Format Version 12.00
# Visual Studio Version 17
VisualStudioVersion = 17.7.34221.43
MinimumVisualStudioVersion = 10.0.40219.1
Project("{8BC9CEB8-8B4A-11D0-8D11-00A0C91BC942}") = "ServerSolution", "ServerSolution\ServerSolution.vcxproj", "{7053D3E6-1F30-4DE4-92A0-02B59A555108}"
EndProject
Project("{8BC9CEB8-8B4A-11D0-8D11-00A0C91BC942}") = "ClientSolution", "ClientSolution\ClientSolution.vcxproj", "{55B75E9E-55F4-4B8B-9864-B96168ECA755}"
EndProject
Global
	GlobalSection(SolutionConfigurationPlatforms) = preSolution
		Debug|x64 = Debug|x64
		Debug|x86 = Debug|x86
		Release|x64 = Release|x64
		Release|x86 = Release|x86
	EndGlobalSection
	GlobalSection(ProjectConfigurationPlatforms) = postSolution
		{7053D3E6-1F30-4DE4-92A0-02B59A555108}.Debug|x64.ActiveCfg = Debug|x64
		{7053D3E6-1F30-4DE4-92A0-02B59A555108}.Debug|x64.Build.0 = Debug|x64
		{7053D3E6-1F30-4DE4-92A0-02B59A555108}.Debug|x86.ActiveCfg = Debug|Win32
		{7053D3E6-1F30-4DE4-92A0-02B59A555108}.Debug|x86.Build.0 = Debug|Win32
		{7053D3E6-1F30-4DE4-92A0-02B59A555108}.Release|x64.ActiveCfg = Release|x64
		{7053D3E6-1F30-4DE4-92A0-02B59A555108}.Release|x64.Build.0 = Release|x64
		{7053D3E6-1F30-4DE4-92A0-02B59A555108}.Release|x86.ActiveCfg = Release|Win32
		{7053D3E6-1F30-4DE4-92A0-02B59A555108}.Release|x86.Build.0 = Release|Win32
		{55B75E9E-55F4-4B8B-9864-B96168ECA755}.Debug|x64.ActiveCfg = Debug|x64
		{55B75E9E-55F4-4B8B-9864-B96168ECA755}.Debug|x64.Build.0 = Debug|x64
		{55B75E9E-55F4-4B8B-9864-B96168ECA755}.Debug|x86.ActiveCfg = Debug|Win32
		{55B75E9E-55F4-4B8B-9864-B96168ECA755}.Debug|x86.Build.0 = Debug|Win32
		{55B75E9E-55F4-4B8B-9864-B96168ECA755}.Release|x64.ActiveCfg = Release|x64
		{55B75E9E-55F4-4B8B-9864-B96168ECA755}.Release|x64.Build.0 = Release|x64
		{55B75E9E-55F4-4B8B-9864-B96168ECA755}.Release|x86.ActiveCfg = Release|Win32
		{55B75E9E-55F4-4B8B-9864-B96168ECA755}.Release|x86.Build.0 = Release|Win32
	EndGlobalSection
	GlobalSection(SolutionProperties) = preSolution
		HideSolutionNode = FALSE
	EndGlobalSection
	GlobalSection(ExtensibilityGlobals) = postSolution
		SolutionGuid = {20ACD97C-A8AF-41D8-9AB1-5B7F144F3B40}
	EndGlobalSection
EndGlobal
